
Microsoft Visual Studio Solution File, Format Version 12.00
Project("{FAE04EC0-301F-11D3-BF4B-00C04F79EFBC}") = "UniqPac_ERP", "UniqPac_ERP\UniqPac_ERP.csproj", "{BBB871DF-AEBC-41E2-96E6-68B71A850B15}"
EndProject
Global
	GlobalSection(SolutionConfigurationPlatforms) = preSolution
		Debug|Any CPU = Debug|Any CPU
		Release|Any CPU = Release|Any CPU
	EndGlobalSection
	GlobalSection(ProjectConfigurationPlatforms) = postSolution
		{BBB871DF-AEBC-41E2-96E6-68B71A850B15}.Debug|Any CPU.ActiveCfg = Debug|Any CPU
		{BBB871DF-AEBC-41E2-96E6-68B71A850B15}.Debug|Any CPU.Build.0 = Debug|Any CPU
		{BBB871DF-AEBC-41E2-96E6-68B71A850B15}.Release|Any CPU.ActiveCfg = Release|Any CPU
		{BBB871DF-AEBC-41E2-96E6-68B71A850B15}.Release|Any CPU.Build.0 = Release|Any CPU
	EndGlobalSection
EndGlobal
